
Microsoft Visual Studio Solution File, Format Version 12.00
# Visual Studio Version 17
VisualStudioVersion = 17.0.31825.309
MinimumVisualStudioVersion = 10.0.40219.1
Project("{9A19103F-16F7-4668-BE54-9A1E7A4F7556}") = "AppDevProjectGroup27", "AppDevProjectGroup27\AppDevProjectGroup27.csproj", "{86A9C2F7-8FCA-4AE4-91E8-9C512B90D691}"
EndProject
Project("{2150E333-8FDC-42A3-9474-1A3956D46DE8}") = "Solution Items", "Solution Items", "{DBFD3B67-B382-4D83-8B12-0157AD19D6F6}"
	ProjectSection(SolutionItems) = preProject
		.editorconfig = .editorconfig
	EndProjectSection
EndProject
Global
	GlobalSection(SolutionConfigurationPlatforms) = preSolution
		Debug|Any CPU = Debug|Any CPU
		Release|Any CPU = Release|Any CPU
	EndGlobalSection
	GlobalSection(ProjectConfigurationPlatforms) = postSolution
		{86A9C2F7-8FCA-4AE4-91E8-9C512B90D691}.Debug|Any CPU.ActiveCfg = Debug|Any CPU
		{86A9C2F7-8FCA-4AE4-91E8-9C512B90D691}.Debug|Any CPU.Build.0 = Debug|Any CPU
		{86A9C2F7-8FCA-4AE4-91E8-9C512B90D691}.Release|Any CPU.ActiveCfg = Release|Any CPU
		{86A9C2F7-8FCA-4AE4-91E8-9C512B90D691}.Release|Any CPU.Build.0 = Release|Any CPU
	EndGlobalSection
	GlobalSection(SolutionProperties) = preSolution
		HideSolutionNode = FALSE
	EndGlobalSection
	GlobalSection(ExtensibilityGlobals) = postSolution
		SolutionGuid = {A26AE130-C5B5-4C75-8266-0E1FBF5FE145}
	EndGlobalSection
EndGlobal
